absl-py==2.5.0 --hash=sha256:0f17b89f2a4eaaedc4f28c622998aa690564b3012a396a4ffad0821007fe03ba
aiofiles==25.1.0 --hash=sha256:abe311e527c862958650f9438e859c1fa7568a141b22abcd015e120e86a85695
anyio==4.15.1 --hash=sha256:6152fdbbf9a77fdec97731721bebf7c4c44f7c29b424b0065826173efc7ed101
cactus-needle[train,gpu]==3.0.1 --hash=sha256:d990c623ecc69f7c7692d31678e88a799caced87780d7fed31c55b6961d75c82
click==8.5.0 --hash=sha256:255bc9599cf7748b4b1a446ccc735421bd08a2ae529a8b88597d3de5664ee360
etils==1.14.0 --hash=sha256:b5df7341f54dbe1405a4450b2741207b4a8c279780402b45f87202b94dfc52b4
filelock==4.0.3 --hash=sha256:30cd166e2aee2c7534ce2c33c6367c4cd051b8368e20e2c4eb0c34f699bacfab
flax==0.12.10 --hash=sha256:8f752114350feb3dedb4e6c2fcabd735057e7b11973efe06b9a29a7bb220ce2a
fsspec==2026.9.0 --hash=sha256:8dd6e646e99ea382bd85f97a45e6b526a442d79423a7dc673f1e2756d05fcb5f
h11==0.16.0 --hash=sha256:63cf8bbe7522de3bf65932fda1d9c2772064ffb3dae62d55932da54b31cb6c86
hf-xet==1.6.0 --hash=sha256:d62671bb130879cef0ee4c9ebe47a14af6c66ec53e6d84dc15936e5ffdfac82f
httpcore2==2.13.1 --hash=sha256:e1e05d4f25f7d7d496bfb96748f6f4b67657b03da069b3a68c36069f3db73d0a
httpx2==2.13.1 --hash=sha256:6dff50fabc270ee5fd25d845d0b078ed20564579744d6d962850975996d2f9a4
huggingface-hub==2.0.0 --hash=sha256:b3eecb60540c17e8ef94c187104f4a5c0c451afcb9510ba8e17739bedcc2d6dd
humanize==4.16.0 --hash=sha256:353eb2f34c09d098b2880eee8bef21832eae6d174f48c5762fff7e5fcb74d01d
idna==3.20 --hash=sha256:ab7ae7122974553370f0bdb919e1a960b2cd1bc1ef0276416d896db81c14582c
jax-cuda12-pjrt==0.11.2 --hash=sha256:2133b3afc63307c016ae4980f166b2b3de199759363ead74f7d550eaae953463
jax-cuda12-plugin==0.11.2 --hash=sha256:ae67a4cc49b34c575713a8311f7597f6700ec5a2b6afbdbc3db5550fb022873c
jax[cuda12]==0.11.2 --hash=sha256:59e7ed9bd9ace049f4856752fe580c890e0164e1c023f40fadac386408daad66
jaxlib==0.11.2 --hash=sha256:6338a1f0956f60d02529404ac33a8070015a52635cdb6bbb15d0d199757077bb
markdown-it-py==4.2.0 --hash=sha256:9f7ebbcd14fe59494226453aed97c1070d83f8d24b6fc3a3bcf9a38092641c4a
mdurl==0.1.2 --hash=sha256:84008a41e51615a49fc9966191ff91509e3c40b939176e643fd50a5c2196b8f8
ml-dtypes==0.6.0 --hash=sha256:3b4a480aa8fd54a1805b8ac10f3f91763926a74f73c0c364c10f9231854f4170
msgpack==1.2.2 --hash=sha256:77c2e018417dc1d66f235e383877ee885b60ade9d29e494dd581e08af2cb1923
numpy==2.5.3 --hash=sha256:b7e18c623bb5c95acb3b3328861272816ba199fb531921c5d6d0b675f1fde9e3
nvidia-cublas-cu12==12.9.2.10 --hash=sha256:e4f53a8ca8c5d6e8c492d0d0a3d565ecb59a751b19cfdaa4f6da0ab2104c1702
nvidia-cuda-cccl-cu12==12.9.27 --hash=sha256:37869e17ce2e1ecec6eddf1927cca0f8c34e64fd848d40453df559091e2d7117
nvidia-cuda-cupti-cu12==12.8.90 --hash=sha256:ea0cb07ebda26bb9b29ba82cda34849e73c166c18162d3913575b0c9db9a6182
nvidia-cuda-nvcc-cu12==12.9.86 --hash=sha256:5d6a0d32fdc7ea39917c20065614ae93add6f577d840233237ff08e9a38f58f0
nvidia-cuda-nvrtc-cu12==12.9.86 --hash=sha256:210cf05005a447e29214e9ce50851e83fc5f4358df8b453155d5e1918094dcb4
nvidia-cuda-runtime-cu12==12.9.79 --hash=sha256:25bba2dfb01d48a9b59ca474a1ac43c6ebf7011f1b0b8cc44f54eb6ac48a96c3
nvidia-cudnn-cu12==9.26.0.51 --hash=sha256:ce8603d4ea88d134be5a92c5e0833d513bea1ce0ee4bbc5d649fcb8718d51cbf
nvidia-cufft-cu12==11.4.1.4 --hash=sha256:c67884f2a7d276b4b80eb56a79322a95df592ae5e765cf1243693365ccab4e28
nvidia-cusolver-cu12==11.7.5.82 --hash=sha256:15da72d1340d29b5b3cf3fd100e3cd53421dde36002eda6ed93811af63c40d88
nvidia-cusparse-cu12==12.5.10.65 --hash=sha256:73060ce019ac064a057267c585bf1fd5a353734151f87472ff02b2c5c9984e78
nvidia-nccl-cu12==2.32.3 --hash=sha256:bb94b2348e4861d5e8aa00b36c3d12d9bdf9c6369b82cbb723de0b582280a21c
nvidia-nvjitlink-cu12==12.9.86 --hash=sha256:e3f1171dbdc83c5932a45f0f4c99180a70de9bd2718c1ab77d14104f6d7147f9
nvidia-nvshmem-cu12==3.8.0 --hash=sha256:b2e5760d6158aefe7bb74348d5128bb1b46a7dd1fd4b7b1e6fe55b4b07888f70
opt-einsum==3.4.0 --hash=sha256:69bb92469f86a1565195ece4ac0323943e83477171b91d24c35afe028a90d7cd
optax==0.2.8 --hash=sha256:e3ca2d36c99daab1800ae9dbc0545034382d6bc780b24d969e1b0df65fa31cb4
orbax-checkpoint==0.12.6 --hash=sha256:dc512dded6472c0fe0ccde2806f4f8d3026f9bedbbcbfa1ef364f324b13712f0
packaging==26.3 --hash=sha256:d7193f7c8e4e93f444fde0262bf90af30e16fa0ad0ad44cb553c87339b23cd1c
prometheus-client==0.26.0 --hash=sha256:fa93d06737aa02bacd05794768508bb97d2fbee28cb3bca04eaae92f0ca953d6
protobuf==7.36.2 --hash=sha256:89f23aa53c24553a2416fd4fd1ec06f74fa42b14b546d8883128813f775bbfd2
psutil==7.2.2 --hash=sha256:076a2d2f923fd4821644f5ba89f059523da90dc9014e85f8e45a5774ca5bc6f9
pygments==2.21.0 --hash=sha256:2363c69b61c4a97c838da3b130dcd6468f4848992b21a82f2a63ec34377137d9
pyyaml==6.0.3 --hash=sha256:ba1cc08a7ccde2d2ec775841541641e4548226580ab850948cbfda66a1befcdc
rich==15.0.0 --hash=sha256:33bd4ef74232fb73fe9279a257718407f169c09b78a87ad3d296f548e27de0bb
safetensors==0.8.0 --hash=sha256:fd6f3f93c9a0a7cc2788ee63fb763353d4bd2e89b0751bc78fcf7dda00bea774
scipy==1.18.1 --hash=sha256:f55fa87b6c612ecd6b058f167c53231b1d14e412efe361d3d6e38b3631c73218
sentencepiece==0.2.2 --hash=sha256:c8a168b040bc61681293f79a949b5d911c8e25086f4260285b8d97ab5f1195da
simplejson==4.1.2 --hash=sha256:a769bce267ef4091b7ef380bcad1c474f4e66bfcfecb571e996215dcdd24df70
tensorstore==0.1.85 --hash=sha256:de27f2d6e063050f4283d1fdfe41e6c0ebc6ceacaab10ca2f7e9ecbf35221962
tqdm==4.70.1 --hash=sha256:c293e525e6fef9c20e8728fd4612df02a0aa31bb5fe91ecd93e123b1b7bffa73
treescope==0.1.10 --hash=sha256:dde52f5314f4c29d22157a6fe4d3bd103f9cae02791c9e672eefa32c9aa1da51
truststore==0.10.4 --hash=sha256:adaeaecf1cbb5f4de3b1959b42d41f6fab57b2b1666adb59e89cb0b53361d981
typing-extensions==4.16.0 --hash=sha256:481caa481374e813c1b176ada14e97f1f67a4539ce9cfeb3f350d78d6370c2e8
uvloop==0.22.1 --hash=sha256:7b5b1ac819a3f946d3b2ee07f09149578ae76066d70b44df3fa990add49a82e4
zipp==4.1.0 --hash=sha256:25ad4e16390cd314347dd8f1de67a2ac538ae658ed4ab9db16029c07c188e97f

