omegaconf==2.3.0 --hash=sha256:7b4df175cdb08ba400f45cae3bdcae7ba8365db4d165fc65fd04b050ab63b46b
antlr4-python3-runtime==4.9.3 --hash=sha256:f224469b4168294902bb1efa80a8bf7855f24c99aef99cbefc1bcd3cce77881b
loguru==0.7.3 --hash=sha256:31a33c10c8e1e10422bfd431aeb5d351c7cf7fa671e3c4df004162264b28220c
einops==0.8.1 --hash=sha256:919387eb55330f5757c6bea9165c5ff5cfe63a642682ea788a6d472576d81737
einx==0.4.3 --hash=sha256:47ce54a0144f6dffcfacdd8fe2cc9e2e5e6485dda2471330ab75ee747dd22f39
